// !$*UTF8*$!
{
	archiveVersion = 1;
	classes = {
	};
	objectVersion = 54;
	objects = {

/* Begin PBXBuildFile section */
		00E356F31AD99517003FC87E /* WisdomTests.m in Sources */ = {isa = PBXBuildFile; fileRef = 00E356F21AD99517003FC87E /* WisdomTests.m */; };
		13B07FBC1A68108700A75B9A /* AppDelegate.m in Sources */ = {isa = PBXBuildFile; fileRef = 13B07FB01A68108700A75B9A /* AppDelegate.m */; };
		13B07FBF1A68108700A75B9A /* Images.xcassets in Resources */ = {isa = PBXBuildFile; fileRef = 13B07FB51A68108700A75B9A /* Images.xcassets */; };
		13B07FC11A68108700A75B9A /* main.m in Sources */ = {isa = PBXBuildFile; fileRef = 13B07FB71A68108700A75B9A /* main.m */; };
		6172F2D35A4C3AA820D92908 /* libPods-Wisdom.a in Frameworks */ = {isa = PBXBuildFile; fileRef = 6423831EA8574132BED9D8CC /* libPods-Wisdom.a */; };
		7EF68E3733C33B6898317E18 /* libPods-Wisdom-WisdomTests.a in Frameworks */ = {isa = PBXBuildFile; fileRef = ABFE59519B596E51CEFDCCC0 /* libPods-Wisdom-WisdomTests.a */; };
		81AB9BB82411601600AC10FF /* LaunchScreen.storyboard in Resources */ = {isa = PBXBuildFile; fileRef = 81AB9BB72411601600AC10FF /* LaunchScreen.storyboard */; };
		63D80739748546D79FDF97D3 /* Charter Bold Italic.otf in Resources */ = {isa = PBXBuildFile; fileRef = 202FEAC4E69448B89CB05E46 /* Charter Bold Italic.otf */; };
		129E1C68405B4EEDB28985F8 /* Charter Bold.otf in Resources */ = {isa = PBXBuildFile; fileRef = ECA02A3DEFA041349942CC55 /* Charter Bold.otf */; };
		6B3123EF0441444396D5C0D9 /* Charter Italic.otf in Resources */ = {isa = PBXBuildFile; fileRef = 58050695E6DC4E95B9944567 /* Charter Italic.otf */; };
		28506A416C464A9D93552E97 /* Charter Regular.otf in Resources */ = {isa = PBXBuildFile; fileRef = DB8486F5B39D4870BD69D17F /* Charter Regular.otf */; };
		8E6AD5D893E04ADDB55218AB /* HelveticaNowDisplay-Bold.otf in Resources */ = {isa = PBXBuildFile; fileRef = A1ABF1E9FA034548AF618187 /* HelveticaNowDisplay-Bold.otf */; };
		9E6727E98F9A4EA79CDE5DA0 /* HelveticaNowDisplay-Light.otf in Resources */ = {isa = PBXBuildFile; fileRef = 762B326D57CB45A19602A8FA /* HelveticaNowDisplay-Light.otf */; };
		1B7092CCDBBD47228695C14D /* HelveticaNowDisplay-Regular.otf in Resources */ = {isa = PBXBuildFile; fileRef = 6F6008AF0F1D4B50A10A6CE4 /* HelveticaNowDisplay-Regular.otf */; };
		4F707A382C7643A2BA1D88D2 /* Ubuntu-Bold.ttf in Resources */ = {isa = PBXBuildFile; fileRef = 2DEBD677989D45BB98A294E8 /* Ubuntu-Bold.ttf */; };
		87C0F8A9FC1842B0B0A9A8ED /* Ubuntu-BoldItalic.ttf in Resources */ = {isa = PBXBuildFile; fileRef = 91E0D798C5CA4E69850BDADD /* Ubuntu-BoldItalic.ttf */; };
		C4E5DF655A1641BF9D4D8B12 /* Ubuntu-Italic.ttf in Resources */ = {isa = PBXBuildFile; fileRef = 6555ABA9D7BB413594BECB74 /* Ubuntu-Italic.ttf */; };
		79BD76C736C64AC5B43D21B3 /* Ubuntu-Light.ttf in Resources */ = {isa = PBXBuildFile; fileRef = B0920CF7600F4C5B87E4E43E /* Ubuntu-Light.ttf */; };
		72073F4C6DEA4D118E05CD24 /* Ubuntu-LightItalic.ttf in Resources */ = {isa = PBXBuildFile; fileRef = 3E23839CC52D4ABC8EBED10D /* Ubuntu-LightItalic.ttf */; };
		F33AC26698F543FC9A5325FA /* Ubuntu-Medium.ttf in Resources */ = {isa = PBXBuildFile; fileRef = EFC80E92E996436FA21E523A /* Ubuntu-Medium.ttf */; };
		0F1CC142EF9D459B992A3DA2 /* Ubuntu-MediumItalic.ttf in Resources */ = {isa = PBXBuildFile; fileRef = 0BDE5F1EA55E4DE6B66943F7 /* Ubuntu-MediumItalic.ttf */; };
		59D8DCBBF79B4E45A78141FC /* Ubuntu-Regular.ttf in Resources */ = {isa = PBXBuildFile; fileRef = 329FAF3CC69D44458D368668 /* Ubuntu-Regular.ttf */; };
		DF5D4581A0D7478C9F471648 /* AntDesign.ttf in Resources */ = {isa = PBXBuildFile; fileRef = 172AC7AA497348028576C802 /* AntDesign.ttf */; };
		B76DF6412C2A48108D9117EE /* Entypo.ttf in Resources */ = {isa = PBXBuildFile; fileRef = 443C36E1A68B4AF5B9D4A9E6 /* Entypo.ttf */; };
		409036F6A9BD4DE88DBCD8AC /* EvilIcons.ttf in Resources */ = {isa = PBXBuildFile; fileRef = 4205F9038BAB41FAB0D72381 /* EvilIcons.ttf */; };
		9E5ED9B77EFE49CF9BA3622E /* Feather.ttf in Resources */ = {isa = PBXBuildFile; fileRef = 8820110DFA82447AAD9D5BEF /* Feather.ttf */; };
		C6EC841F80FB4AE2A6BF8DBA /* FontAwesome.ttf in Resources */ = {isa = PBXBuildFile; fileRef = 483A93949F1941B6B9BB38A3 /* FontAwesome.ttf */; };
		06B5EE4CE6E946B6B0D70739 /* FontAwesome5_Brands.ttf in Resources */ = {isa = PBXBuildFile; fileRef = C2E9F32E34E7459A83D37FA1 /* FontAwesome5_Brands.ttf */; };
		E30E4E2B29DA464CAF6D8DE5 /* FontAwesome5_Regular.ttf in Resources */ = {isa = PBXBuildFile; fileRef = 0C7F9693887F4EDAAA48EFBC /* FontAwesome5_Regular.ttf */; };
		B4066F31CBB741FBA28EE996 /* FontAwesome5_Solid.ttf in Resources */ = {isa = PBXBuildFile; fileRef = CF7F64F450684A9D9372D552 /* FontAwesome5_Solid.ttf */; };
		1182909077714137B30D1E57 /* Fontisto.ttf in Resources */ = {isa = PBXBuildFile; fileRef = E8A6589E35E6487ABBB2B8B0 /* Fontisto.ttf */; };
		8E8F48FFFEC74AB98F59FDFF /* Foundation.ttf in Resources */ = {isa = PBXBuildFile; fileRef = 1B28E8164DA8450FB7455B5B /* Foundation.ttf */; };
		06E721BB8F2B44D4B7DE132F /* Ionicons.ttf in Resources */ = {isa = PBXBuildFile; fileRef = 20DBA9EF643E4AD4B42B9BDE /* Ionicons.ttf */; };
		84DFA6EAB28041DEAC2EA5EF /* MaterialCommunityIcons.ttf in Resources */ = {isa = PBXBuildFile; fileRef = 3D8D0B4D91AB4795B5CFD41B /* MaterialCommunityIcons.ttf */; };
		7D6D57AD9A10495E991B081D /* MaterialIcons.ttf in Resources */ = {isa = PBXBuildFile; fileRef = E85AA50E45FA429C86B89DB6 /* MaterialIcons.ttf */; };
		E9ACEF5CCBA04444894A5D1D /* Octicons.ttf in Resources */ = {isa = PBXBuildFile; fileRef = 190C6AAF917147A6B6A34BAD /* Octicons.ttf */; };
		DACBE1B4D43A4917A81FEEA5 /* SimpleLineIcons.ttf in Resources */ = {isa = PBXBuildFile; fileRef = 7ACE387C01274914A3A580ED /* SimpleLineIcons.ttf */; };
		95BD08442A8C4D11844D8454 /* Zocial.ttf in Resources */ = {isa = PBXBuildFile; fileRef = 37A1ED6507DA401895EB5C9E /* Zocial.ttf */; };
		901C847FC1274667B715098C /* Ubuntu Bold Italic.ttf in Resources */ = {isa = PBXBuildFile; fileRef = 77757C2588CA49BB9666236F /* Ubuntu Bold Italic.ttf */; };
		FB2712A4881D405B9440303A /* Ubuntu Bold.ttf in Resources */ = {isa = PBXBuildFile; fileRef = F66651FE3E584A4989A0502F /* Ubuntu Bold.ttf */; };
		02D39FD0971B47C4B87E60B0 /* Ubuntu Italic.ttf in Resources */ = {isa = PBXBuildFile; fileRef = 0071186203CC46A4B4D0A015 /* Ubuntu Italic.ttf */; };
		6CD63F407A4F49A9A9E61F51 /* Ubuntu Light Italic.ttf in Resources */ = {isa = PBXBuildFile; fileRef = 8AC11A08E4954105A915BCD6 /* Ubuntu Light Italic.ttf */; };
		D2DDA4B4FC4D47C58958DFAD /* Ubuntu Light.ttf in Resources */ = {isa = PBXBuildFile; fileRef = D4BAF0F66EC44768A5CBEF3D /* Ubuntu Light.ttf */; };
		A6B232A725384A0AACAFE584 /* Ubuntu Medium Italic.ttf in Resources */ = {isa = PBXBuildFile; fileRef = F7B3EF701E10442FBD270F20 /* Ubuntu Medium Italic.ttf */; };
		5829AB6637EF4DAAB586DD51 /* Ubuntu Medium.ttf in Resources */ = {isa = PBXBuildFile; fileRef = E45C97BCA2BD48A5ADC1E7A3 /* Ubuntu Medium.ttf */; };
		3709410D9B124CD1A593C253 /* Ubuntu Regular.ttf in Resources */ = {isa = PBXBuildFile; fileRef = B1402C30F1E44E0792BAE1C0 /* Ubuntu Regular.ttf */; };
		20DBE57A0F5C4EE59A97D5C7 /* SourceSansPro-Bold.ttf in Resources */ = {isa = PBXBuildFile; fileRef = 1501877072C94A4F91335CFE /* SourceSansPro-Bold.ttf */; };
		8458C5D1A4304E31B30E6301 /* SourceSansPro-Italic.ttf in Resources */ = {isa = PBXBuildFile; fileRef = 97FC462F1767444C924DD07A /* SourceSansPro-Italic.ttf */; };
		7B709310A5AA473391A94B0C /* SourceSansPro-Light.ttf in Resources */ = {isa = PBXBuildFile; fileRef = FE0E2C4321F84D87BD038E27 /* SourceSansPro-Light.ttf */; };
		6759FBC504104DA8A7DEB85A /* SourceSansPro-Regular.ttf in Resources */ = {isa = PBXBuildFile; fileRef = 37AFC743D9B1431AB8F7871E /* SourceSansPro-Regular.ttf */; };
		DF5D6BB10C0C4ABEA9339824 /* SourceSansPro-SemiBold.ttf in Resources */ = {isa = PBXBuildFile; fileRef = FB6937EDDCC848A79969A9B5 /* SourceSansPro-SemiBold.ttf */; };
/* End PBXBuildFile section */

/* Begin PBXContainerItemProxy section */
		00E356F41AD99517003FC87E /* PBXContainerItemProxy */ = {
			isa = PBXContainerItemProxy;
			containerPortal = 83CBB9F71A601CBA00E9B192 /* Project object */;
			proxyType = 1;
			remoteGlobalIDString = 13B07F861A680F5B00A75B9A;
			remoteInfo = Wisdom;
		};
/* End PBXContainerItemProxy section */

/* Begin PBXFileReference section */
		00E356EE1AD99517003FC87E /* WisdomTests.xctest */ = {isa = PBXFileReference; explicitFileType = wrapper.cfbundle; includeInIndex = 0; path = WisdomTests.xctest; sourceTree = BUILT_PRODUCTS_DIR; };
		00E356F11AD99517003FC87E /* Info.plist */ = {isa = PBXFileReference; lastKnownFileType = text.plist.xml; path = Info.plist; sourceTree = "<group>"; };
		00E356F21AD99517003FC87E /* WisdomTests.m */ = {isa = PBXFileReference; lastKnownFileType = sourcecode.c.objc; path = WisdomTests.m; sourceTree = "<group>"; };
		13B07F961A680F5B00A75B9A /* Wisdom.app */ = {isa = PBXFileReference; explicitFileType = wrapper.application; includeInIndex = 0; path = Wisdom.app; sourceTree = BUILT_PRODUCTS_DIR; };
		13B07FAF1A68108700A75B9A /* AppDelegate.h */ = {isa = PBXFileReference; fileEncoding = 4; lastKnownFileType = sourcecode.c.h; name = AppDelegate.h; path = Wisdom/AppDelegate.h; sourceTree = "<group>"; };
		13B07FB01A68108700A75B9A /* AppDelegate.m */ = {isa = PBXFileReference; fileEncoding = 4; lastKnownFileType = sourcecode.c.objc; name = AppDelegate.m; path = Wisdom/AppDelegate.m; sourceTree = "<group>"; };
		13B07FB51A68108700A75B9A /* Images.xcassets */ = {isa = PBXFileReference; lastKnownFileType = folder.assetcatalog; name = Images.xcassets; path = Wisdom/Images.xcassets; sourceTree = "<group>"; };
		13B07FB61A68108700A75B9A /* Info.plist */ = {isa = PBXFileReference; fileEncoding = 4; lastKnownFileType = text.plist.xml; name = Info.plist; path = Wisdom/Info.plist; sourceTree = "<group>"; };
		13B07FB71A68108700A75B9A /* main.m */ = {isa = PBXFileReference; fileEncoding = 4; lastKnownFileType = sourcecode.c.objc; name = main.m; path = Wisdom/main.m; sourceTree = "<group>"; };
		1D0AE47A65C8663E3B452821 /* Pods-Wisdom-WisdomTests.release.xcconfig */ = {isa = PBXFileReference; includeInIndex = 1; lastKnownFileType = text.xcconfig; name = "Pods-Wisdom-WisdomTests.release.xcconfig"; path = "Target Support Files/Pods-Wisdom-WisdomTests/Pods-Wisdom-WisdomTests.release.xcconfig"; sourceTree = "<group>"; };
		6423831EA8574132BED9D8CC /* libPods-Wisdom.a */ = {isa = PBXFileReference; explicitFileType = archive.ar; includeInIndex = 0; path = "libPods-Wisdom.a"; sourceTree = BUILT_PRODUCTS_DIR; };
		6C97AB639B58BBB4B15BBE30 /* Pods-Wisdom-WisdomTests.debug.xcconfig */ = {isa = PBXFileReference; includeInIndex = 1; lastKnownFileType = text.xcconfig; name = "Pods-Wisdom-WisdomTests.debug.xcconfig"; path = "Target Support Files/Pods-Wisdom-WisdomTests/Pods-Wisdom-WisdomTests.debug.xcconfig"; sourceTree = "<group>"; };
		81AB9BB72411601600AC10FF /* LaunchScreen.storyboard */ = {isa = PBXFileReference; fileEncoding = 4; lastKnownFileType = file.storyboard; name = LaunchScreen.storyboard; path = Wisdom/LaunchScreen.storyboard; sourceTree = "<group>"; };
		ABFE59519B596E51CEFDCCC0 /* libPods-Wisdom-WisdomTests.a */ = {isa = PBXFileReference; explicitFileType = archive.ar; includeInIndex = 0; path = "libPods-Wisdom-WisdomTests.a"; sourceTree = BUILT_PRODUCTS_DIR; };
		C0A881CF5CF3F2B244570E2A /* Pods-Wisdom.debug.xcconfig */ = {isa = PBXFileReference; includeInIndex = 1; lastKnownFileType = text.xcconfig; name = "Pods-Wisdom.debug.xcconfig"; path = "Target Support Files/Pods-Wisdom/Pods-Wisdom.debug.xcconfig"; sourceTree = "<group>"; };
		D00AAFFCFCFDA5787532823F /* Pods-Wisdom.release.xcconfig */ = {isa = PBXFileReference; includeInIndex = 1; lastKnownFileType = text.xcconfig; name = "Pods-Wisdom.release.xcconfig"; path = "Target Support Files/Pods-Wisdom/Pods-Wisdom.release.xcconfig"; sourceTree = "<group>"; };
		ED297162215061F000B7C4FE /* JavaScriptCore.framework */ = {isa = PBXFileReference; lastKnownFileType = wrapper.framework; name = JavaScriptCore.framework; path = System/Library/Frameworks/JavaScriptCore.framework; sourceTree = SDKROOT; };
		202FEAC4E69448B89CB05E46 /* Charter Bold Italic.otf */ = {isa = PBXFileReference; name = "Charter Bold Italic.otf"; path = "../assets/fonts/Charter Bold Italic.otf"; sourceTree = "<group>"; fileEncoding = undefined; lastKnownFileType = unknown; explicitFileType = undefined; includeInIndex = 0; };
		ECA02A3DEFA041349942CC55 /* Charter Bold.otf */ = {isa = PBXFileReference; name = "Charter Bold.otf"; path = "../assets/fonts/Charter Bold.otf"; sourceTree = "<group>"; fileEncoding = undefined; lastKnownFileType = unknown; explicitFileType = undefined; includeInIndex = 0; };
		58050695E6DC4E95B9944567 /* Charter Italic.otf */ = {isa = PBXFileReference; name = "Charter Italic.otf"; path = "../assets/fonts/Charter Italic.otf"; sourceTree = "<group>"; fileEncoding = undefined; lastKnownFileType = unknown; explicitFileType = undefined; includeInIndex = 0; };
		DB8486F5B39D4870BD69D17F /* Charter Regular.otf */ = {isa = PBXFileReference; name = "Charter Regular.otf"; path = "../assets/fonts/Charter Regular.otf"; sourceTree = "<group>"; fileEncoding = undefined; lastKnownFileType = unknown; explicitFileType = undefined; includeInIndex = 0; };
		A1ABF1E9FA034548AF618187 /* HelveticaNowDisplay-Bold.otf */ = {isa = PBXFileReference; name = "HelveticaNowDisplay-Bold.otf"; path = "../assets/fonts/HelveticaNowDisplay-Bold.otf"; sourceTree = "<group>"; fileEncoding = undefined; lastKnownFileType = unknown; explicitFileType = undefined; includeInIndex = 0; };
		762B326D57CB45A19602A8FA /* HelveticaNowDisplay-Light.otf */ = {isa = PBXFileReference; name = "HelveticaNowDisplay-Light.otf"; path = "../assets/fonts/HelveticaNowDisplay-Light.otf"; sourceTree = "<group>"; fileEncoding = undefined; lastKnownFileType = unknown; explicitFileType = undefined; includeInIndex = 0; };
		6F6008AF0F1D4B50A10A6CE4 /* HelveticaNowDisplay-Regular.otf */ = {isa = PBXFileReference; name = "HelveticaNowDisplay-Regular.otf"; path = "../assets/fonts/HelveticaNowDisplay-Regular.otf"; sourceTree = "<group>"; fileEncoding = undefined; lastKnownFileType = unknown; explicitFileType = undefined; includeInIndex = 0; };
		2DEBD677989D45BB98A294E8 /* Ubuntu-Bold.ttf */ = {isa = PBXFileReference; name = "Ubuntu-Bold.ttf"; path = "../assets/fonts/Ubuntu-Bold.ttf"; sourceTree = "<group>"; fileEncoding = undefined; lastKnownFileType = unknown; explicitFileType = undefined; includeInIndex = 0; };
		91E0D798C5CA4E69850BDADD /* Ubuntu-BoldItalic.ttf */ = {isa = PBXFileReference; name = "Ubuntu-BoldItalic.ttf"; path = "../assets/fonts/Ubuntu-BoldItalic.ttf"; sourceTree = "<group>"; fileEncoding = undefined; lastKnownFileType = unknown; explicitFileType = undefined; includeInIndex = 0; };
		6555ABA9D7BB413594BECB74 /* Ubuntu-Italic.ttf */ = {isa = PBXFileReference; name = "Ubuntu-Italic.ttf"; path = "../assets/fonts/Ubuntu-Italic.ttf"; sourceTree = "<group>"; fileEncoding = undefined; lastKnownFileType = unknown; explicitFileType = undefined; includeInIndex = 0; };
		B0920CF7600F4C5B87E4E43E /* Ubuntu-Light.ttf */ = {isa = PBXFileReference; name = "Ubuntu-Light.ttf"; path = "../assets/fonts/Ubuntu-Light.ttf"; sourceTree = "<group>"; fileEncoding = undefined; lastKnownFileType = unknown; explicitFileType = undefined; includeInIndex = 0; };
		3E23839CC52D4ABC8EBED10D /* Ubuntu-LightItalic.ttf */ = {isa = PBXFileReference; name = "Ubuntu-LightItalic.ttf"; path = "../assets/fonts/Ubuntu-LightItalic.ttf"; sourceTree = "<group>"; fileEncoding = undefined; lastKnownFileType = unknown; explicitFileType = undefined; includeInIndex = 0; };
		EFC80E92E996436FA21E523A /* Ubuntu-Medium.ttf */ = {isa = PBXFileReference; name = "Ubuntu-Medium.ttf"; path = "../assets/fonts/Ubuntu-Medium.ttf"; sourceTree = "<group>"; fileEncoding = undefined; lastKnownFileType = unknown; explicitFileType = undefined; includeInIndex = 0; };
		0BDE5F1EA55E4DE6B66943F7 /* Ubuntu-MediumItalic.ttf */ = {isa = PBXFileReference; name = "Ubuntu-MediumItalic.ttf"; path = "../assets/fonts/Ubuntu-MediumItalic.ttf"; sourceTree = "<group>"; fileEncoding = undefined; lastKnownFileType = unknown; explicitFileType = undefined; includeInIndex = 0; };
		329FAF3CC69D44458D368668 /* Ubuntu-Regular.ttf */ = {isa = PBXFileReference; name = "Ubuntu-Regular.ttf"; path = "../assets/fonts/Ubuntu-Regular.ttf"; sourceTree = "<group>"; fileEncoding = undefined; lastKnownFileType = unknown; explicitFileType = undefined; includeInIndex = 0; };
		172AC7AA497348028576C802 /* AntDesign.ttf */ = {isa = PBXFileReference; name = "AntDesign.ttf"; path = "../node_modules/react-native-vector-icons/Fonts/AntDesign.ttf"; sourceTree = "<group>"; fileEncoding = undefined; lastKnownFileType = unknown; explicitFileType = undefined; includeInIndex = 0; };
		443C36E1A68B4AF5B9D4A9E6 /* Entypo.ttf */ = {isa = PBXFileReference; name = "Entypo.ttf"; path = "../node_modules/react-native-vector-icons/Fonts/Entypo.ttf"; sourceTree = "<group>"; fileEncoding = undefined; lastKnownFileType = unknown; explicitFileType = undefined; includeInIndex = 0; };
		4205F9038BAB41FAB0D72381 /* EvilIcons.ttf */ = {isa = PBXFileReference; name = "EvilIcons.ttf"; path = "../node_modules/react-native-vector-icons/Fonts/EvilIcons.ttf"; sourceTree = "<group>"; fileEncoding = undefined; lastKnownFileType = unknown; explicitFileType = undefined; includeInIndex = 0; };
		8820110DFA82447AAD9D5BEF /* Feather.ttf */ = {isa = PBXFileReference; name = "Feather.ttf"; path = "../node_modules/react-native-vector-icons/Fonts/Feather.ttf"; sourceTree = "<group>"; fileEncoding = undefined; lastKnownFileType = unknown; explicitFileType = undefined; includeInIndex = 0; };
		483A93949F1941B6B9BB38A3 /* FontAwesome.ttf */ = {isa = PBXFileReference; name = "FontAwesome.ttf"; path = "../node_modules/react-native-vector-icons/Fonts/FontAwesome.ttf"; sourceTree = "<group>"; fileEncoding = undefined; lastKnownFileType = unknown; explicitFileType = undefined; includeInIndex = 0; };
		C2E9F32E34E7459A83D37FA1 /* FontAwesome5_Brands.ttf */ = {isa = PBXFileReference; name = "FontAwesome5_Brands.ttf"; path = "../node_modules/react-native-vector-icons/Fonts/FontAwesome5_Brands.ttf"; sourceTree = "<group>"; fileEncoding = undefined; lastKnownFileType = unknown; explicitFileType = undefined; includeInIndex = 0; };
		0C7F9693887F4EDAAA48EFBC /* FontAwesome5_Regular.ttf */ = {isa = PBXFileReference; name = "FontAwesome5_Regular.ttf"; path = "../node_modules/react-native-vector-icons/Fonts/FontAwesome5_Regular.ttf"; sourceTree = "<group>"; fileEncoding = undefined; lastKnownFileType = unknown; explicitFileType = undefined; includeInIndex = 0; };
		CF7F64F450684A9D9372D552 /* FontAwesome5_Solid.ttf */ = {isa = PBXFileReference; name = "FontAwesome5_Solid.ttf"; path = "../node_modules/react-native-vector-icons/Fonts/FontAwesome5_Solid.ttf"; sourceTree = "<group>"; fileEncoding = undefined; lastKnownFileType = unknown; explicitFileType = undefined; includeInIndex = 0; };
		E8A6589E35E6487ABBB2B8B0 /* Fontisto.ttf */ = {isa = PBXFileReference; name = "Fontisto.ttf"; path = "../node_modules/react-native-vector-icons/Fonts/Fontisto.ttf"; sourceTree = "<group>"; fileEncoding = undefined; lastKnownFileType = unknown; explicitFileType = undefined; includeInIndex = 0; };
		1B28E8164DA8450FB7455B5B /* Foundation.ttf */ = {isa = PBXFileReference; name = "Foundation.ttf"; path = "../node_modules/react-native-vector-icons/Fonts/Foundation.ttf"; sourceTree = "<group>"; fileEncoding = undefined; lastKnownFileType = unknown; explicitFileType = undefined; includeInIndex = 0; };
		20DBA9EF643E4AD4B42B9BDE /* Ionicons.ttf */ = {isa = PBXFileReference; name = "Ionicons.ttf"; path = "../node_modules/react-native-vector-icons/Fonts/Ionicons.ttf"; sourceTree = "<group>"; fileEncoding = undefined; lastKnownFileType = unknown; explicitFileType = undefined; includeInIndex = 0; };
		3D8D0B4D91AB4795B5CFD41B /* MaterialCommunityIcons.ttf */ = {isa = PBXFileReference; name = "MaterialCommunityIcons.ttf"; path = "../node_modules/react-native-vector-icons/Fonts/MaterialCommunityIcons.ttf"; sourceTree = "<group>"; fileEncoding = undefined; lastKnownFileType = unknown; explicitFileType = undefined; includeInIndex = 0; };
		E85AA50E45FA429C86B89DB6 /* MaterialIcons.ttf */ = {isa = PBXFileReference; name = "MaterialIcons.ttf"; path = "../node_modules/react-native-vector-icons/Fonts/MaterialIcons.ttf"; sourceTree = "<group>"; fileEncoding = undefined; lastKnownFileType = unknown; explicitFileType = undefined; includeInIndex = 0; };
		190C6AAF917147A6B6A34BAD /* Octicons.ttf */ = {isa = PBXFileReference; name = "Octicons.ttf"; path = "../node_modules/react-native-vector-icons/Fonts/Octicons.ttf"; sourceTree = "<group>"; fileEncoding = undefined; lastKnownFileType = unknown; explicitFileType = undefined; includeInIndex = 0; };
		7ACE387C01274914A3A580ED /* SimpleLineIcons.ttf */ = {isa = PBXFileReference; name = "SimpleLineIcons.ttf"; path = "../node_modules/react-native-vector-icons/Fonts/SimpleLineIcons.ttf"; sourceTree = "<group>"; fileEncoding = undefined; lastKnownFileType = unknown; explicitFileType = undefined; includeInIndex = 0; };
		37A1ED6507DA401895EB5C9E /* Zocial.ttf */ = {isa = PBXFileReference; name = "Zocial.ttf"; path = "../node_modules/react-native-vector-icons/Fonts/Zocial.ttf"; sourceTree = "<group>"; fileEncoding = undefined; lastKnownFileType = unknown; explicitFileType = undefined; includeInIndex = 0; };
		77757C2588CA49BB9666236F /* Ubuntu Bold Italic.ttf */ = {isa = PBXFileReference; name = "Ubuntu Bold Italic.ttf"; path = "../assets/fonts/Ubuntu Bold Italic.ttf"; sourceTree = "<group>"; fileEncoding = undefined; lastKnownFileType = unknown; explicitFileType = undefined; includeInIndex = 0; };
		F66651FE3E584A4989A0502F /* Ubuntu Bold.ttf */ = {isa = PBXFileReference; name = "Ubuntu Bold.ttf"; path = "../assets/fonts/Ubuntu Bold.ttf"; sourceTree = "<group>"; fileEncoding = undefined; lastKnownFileType = unknown; explicitFileType = undefined; includeInIndex = 0; };
		0071186203CC46A4B4D0A015 /* Ubuntu Italic.ttf */ = {isa = PBXFileReference; name = "Ubuntu Italic.ttf"; path = "../assets/fonts/Ubuntu Italic.ttf"; sourceTree = "<group>"; fileEncoding = undefined; lastKnownFileType = unknown; explicitFileType = undefined; includeInIndex = 0; };
		8AC11A08E4954105A915BCD6 /* Ubuntu Light Italic.ttf */ = {isa = PBXFileReference; name = "Ubuntu Light Italic.ttf"; path = "../assets/fonts/Ubuntu Light Italic.ttf"; sourceTree = "<group>"; fileEncoding = undefined; lastKnownFileType = unknown; explicitFileType = undefined; includeInIndex = 0; };
		D4BAF0F66EC44768A5CBEF3D /* Ubuntu Light.ttf */ = {isa = PBXFileReference; name = "Ubuntu Light.ttf"; path = "../assets/fonts/Ubuntu Light.ttf"; sourceTree = "<group>"; fileEncoding = undefined; lastKnownFileType = unknown; explicitFileType = undefined; includeInIndex = 0; };
		F7B3EF701E10442FBD270F20 /* Ubuntu Medium Italic.ttf */ = {isa = PBXFileReference; name = "Ubuntu Medium Italic.ttf"; path = "../assets/fonts/Ubuntu Medium Italic.ttf"; sourceTree = "<group>"; fileEncoding = undefined; lastKnownFileType = unknown; explicitFileType = undefined; includeInIndex = 0; };
		E45C97BCA2BD48A5ADC1E7A3 /* Ubuntu Medium.ttf */ = {isa = PBXFileReference; name = "Ubuntu Medium.ttf"; path = "../assets/fonts/Ubuntu Medium.ttf"; sourceTree = "<group>"; fileEncoding = undefined; lastKnownFileType = unknown; explicitFileType = undefined; includeInIndex = 0; };
		B1402C30F1E44E0792BAE1C0 /* Ubuntu Regular.ttf */ = {isa = PBXFileReference; name = "Ubuntu Regular.ttf"; path = "../assets/fonts/Ubuntu Regular.ttf"; sourceTree = "<group>"; fileEncoding = undefined; lastKnownFileType = unknown; explicitFileType = undefined; includeInIndex = 0; };
		1501877072C94A4F91335CFE /* SourceSansPro-Bold.ttf */ = {isa = PBXFileReference; name = "SourceSansPro-Bold.ttf"; path = "../assets/fonts/SourceSansPro-Bold.ttf"; sourceTree = "<group>"; fileEncoding = undefined; lastKnownFileType = unknown; explicitFileType = undefined; includeInIndex = 0; };
		97FC462F1767444C924DD07A /* SourceSansPro-Italic.ttf */ = {isa = PBXFileReference; name = "SourceSansPro-Italic.ttf"; path = "../assets/fonts/SourceSansPro-Italic.ttf"; sourceTree = "<group>"; fileEncoding = undefined; lastKnownFileType = unknown; explicitFileType = undefined; includeInIndex = 0; };
		FE0E2C4321F84D87BD038E27 /* SourceSansPro-Light.ttf */ = {isa = PBXFileReference; name = "SourceSansPro-Light.ttf"; path = "../assets/fonts/SourceSansPro-Light.ttf"; sourceTree = "<group>"; fileEncoding = undefined; lastKnownFileType = unknown; explicitFileType = undefined; includeInIndex = 0; };
		37AFC743D9B1431AB8F7871E /* SourceSansPro-Regular.ttf */ = {isa = PBXFileReference; name = "SourceSansPro-Regular.ttf"; path = "../assets/fonts/SourceSansPro-Regular.ttf"; sourceTree = "<group>"; fileEncoding = undefined; lastKnownFileType = unknown; explicitFileType = undefined; includeInIndex = 0; };
		FB6937EDDCC848A79969A9B5 /* SourceSansPro-SemiBold.ttf */ = {isa = PBXFileReference; name = "SourceSansPro-SemiBold.ttf"; path = "../assets/fonts/SourceSansPro-SemiBold.ttf"; sourceTree = "<group>"; fileEncoding = undefined; lastKnownFileType = unknown; explicitFileType = undefined; includeInIndex = 0; };
/* End PBXFileReference section */

/* Begin PBXFrameworksBuildPhase section */
		00E356EB1AD99517003FC87E /* Frameworks */ = {
			isa = PBXFrameworksBuildPhase;
			buildActionMask = 2147483647;
			files = (
				7EF68E3733C33B6898317E18 /* libPods-Wisdom-WisdomTests.a in Frameworks */,
			);
			runOnlyForDeploymentPostprocessing = 0;
		};
		13B07F8C1A680F5B00A75B9A /* Frameworks */ = {
			isa = PBXFrameworksBuildPhase;
			buildActionMask = 2147483647;
			files = (
				6172F2D35A4C3AA820D92908 /* libPods-Wisdom.a in Frameworks */,
			);
			runOnlyForDeploymentPostprocessing = 0;
		};
/* End PBXFrameworksBuildPhase section */

/* Begin PBXGroup section */
		00E356EF1AD99517003FC87E /* WisdomTests */ = {
			isa = PBXGroup;
			children = (
				00E356F21AD99517003FC87E /* WisdomTests.m */,
				00E356F01AD99517003FC87E /* Supporting Files */,
			);
			path = WisdomTests;
			sourceTree = "<group>";
		};
		00E356F01AD99517003FC87E /* Supporting Files */ = {
			isa = PBXGroup;
			children = (
				00E356F11AD99517003FC87E /* Info.plist */,
			);
			name = "Supporting Files";
			sourceTree = "<group>";
		};
		13B07FAE1A68108700A75B9A /* Wisdom */ = {
			isa = PBXGroup;
			children = (
				13B07FAF1A68108700A75B9A /* AppDelegate.h */,
				13B07FB01A68108700A75B9A /* AppDelegate.m */,
				13B07FB51A68108700A75B9A /* Images.xcassets */,
				13B07FB61A68108700A75B9A /* Info.plist */,
				81AB9BB72411601600AC10FF /* LaunchScreen.storyboard */,
				13B07FB71A68108700A75B9A /* main.m */,
			);
			name = Wisdom;
			sourceTree = "<group>";
		};
		2D16E6871FA4F8E400B85C8A /* Frameworks */ = {
			isa = PBXGroup;
			children = (
				ED297162215061F000B7C4FE /* JavaScriptCore.framework */,
				6423831EA8574132BED9D8CC /* libPods-Wisdom.a */,
				ABFE59519B596E51CEFDCCC0 /* libPods-Wisdom-WisdomTests.a */,
			);
			name = Frameworks;
			sourceTree = "<group>";
		};
		832341AE1AAA6A7D00B99B32 /* Libraries */ = {
			isa = PBXGroup;
			children = (
			);
			name = Libraries;
			sourceTree = "<group>";
		};
		83CBB9F61A601CBA00E9B192 = {
			isa = PBXGroup;
			children = (
				13B07FAE1A68108700A75B9A /* Wisdom */,
				832341AE1AAA6A7D00B99B32 /* Libraries */,
				00E356EF1AD99517003FC87E /* WisdomTests */,
				83CBBA001A601CBA00E9B192 /* Products */,
				2D16E6871FA4F8E400B85C8A /* Frameworks */,
				E233CBF5F47BEE60B243DCF8 /* Pods */,
				6D0089E9B0964286AB639C1A /* Resources */,
			);
			indentWidth = 2;
			sourceTree = "<group>";
			tabWidth = 2;
			usesTabs = 0;
		};
		83CBBA001A601CBA00E9B192 /* Products */ = {
			isa = PBXGroup;
			children = (
				13B07F961A680F5B00A75B9A /* Wisdom.app */,
				00E356EE1AD99517003FC87E /* WisdomTests.xctest */,
			);
			name = Products;
			sourceTree = "<group>";
		};
		E233CBF5F47BEE60B243DCF8 /* Pods */ = {
			isa = PBXGroup;
			children = (
				C0A881CF5CF3F2B244570E2A /* Pods-Wisdom.debug.xcconfig */,
				D00AAFFCFCFDA5787532823F /* Pods-Wisdom.release.xcconfig */,
				6C97AB639B58BBB4B15BBE30 /* Pods-Wisdom-WisdomTests.debug.xcconfig */,
				1D0AE47A65C8663E3B452821 /* Pods-Wisdom-WisdomTests.release.xcconfig */,
			);
			name = Pods;
			path = Pods;
			sourceTree = "<group>";
		};
		6D0089E9B0964286AB639C1A /* Resources */ = {
			isa = "PBXGroup";
			children = (
				202FEAC4E69448B89CB05E46 /* Charter Bold Italic.otf */,
				ECA02A3DEFA041349942CC55 /* Charter Bold.otf */,
				58050695E6DC4E95B9944567 /* Charter Italic.otf */,
				DB8486F5B39D4870BD69D17F /* Charter Regular.otf */,
				A1ABF1E9FA034548AF618187 /* HelveticaNowDisplay-Bold.otf */,
				762B326D57CB45A19602A8FA /* HelveticaNowDisplay-Light.otf */,
				6F6008AF0F1D4B50A10A6CE4 /* HelveticaNowDisplay-Regular.otf */,
				2DEBD677989D45BB98A294E8 /* Ubuntu-Bold.ttf */,
				91E0D798C5CA4E69850BDADD /* Ubuntu-BoldItalic.ttf */,
				6555ABA9D7BB413594BECB74 /* Ubuntu-Italic.ttf */,
				B0920CF7600F4C5B87E4E43E /* Ubuntu-Light.ttf */,
				3E23839CC52D4ABC8EBED10D /* Ubuntu-LightItalic.ttf */,
				EFC80E92E996436FA21E523A /* Ubuntu-Medium.ttf */,
				0BDE5F1EA55E4DE6B66943F7 /* Ubuntu-MediumItalic.ttf */,
				329FAF3CC69D44458D368668 /* Ubuntu-Regular.ttf */,
				172AC7AA497348028576C802 /* AntDesign.ttf */,
				443C36E1A68B4AF5B9D4A9E6 /* Entypo.ttf */,
				4205F9038BAB41FAB0D72381 /* EvilIcons.ttf */,
				8820110DFA82447AAD9D5BEF /* Feather.ttf */,
				483A93949F1941B6B9BB38A3 /* FontAwesome.ttf */,
				C2E9F32E34E7459A83D37FA1 /* FontAwesome5_Brands.ttf */,
				0C7F9693887F4EDAAA48EFBC /* FontAwesome5_Regular.ttf */,
				CF7F64F450684A9D9372D552 /* FontAwesome5_Solid.ttf */,
				E8A6589E35E6487ABBB2B8B0 /* Fontisto.ttf */,
				1B28E8164DA8450FB7455B5B /* Foundation.ttf */,
				20DBA9EF643E4AD4B42B9BDE /* Ionicons.ttf */,
				3D8D0B4D91AB4795B5CFD41B /* MaterialCommunityIcons.ttf */,
				E85AA50E45FA429C86B89DB6 /* MaterialIcons.ttf */,
				190C6AAF917147A6B6A34BAD /* Octicons.ttf */,
				7ACE387C01274914A3A580ED /* SimpleLineIcons.ttf */,
				37A1ED6507DA401895EB5C9E /* Zocial.ttf */,
				77757C2588CA49BB9666236F /* Ubuntu Bold Italic.ttf */,
				F66651FE3E584A4989A0502F /* Ubuntu Bold.ttf */,
				0071186203CC46A4B4D0A015 /* Ubuntu Italic.ttf */,
				8AC11A08E4954105A915BCD6 /* Ubuntu Light Italic.ttf */,
				D4BAF0F66EC44768A5CBEF3D /* Ubuntu Light.ttf */,
				F7B3EF701E10442FBD270F20 /* Ubuntu Medium Italic.ttf */,
				E45C97BCA2BD48A5ADC1E7A3 /* Ubuntu Medium.ttf */,
				B1402C30F1E44E0792BAE1C0 /* Ubuntu Regular.ttf */,
				1501877072C94A4F91335CFE /* SourceSansPro-Bold.ttf */,
				97FC462F1767444C924DD07A /* SourceSansPro-Italic.ttf */,
				FE0E2C4321F84D87BD038E27 /* SourceSansPro-Light.ttf */,
				37AFC743D9B1431AB8F7871E /* SourceSansPro-Regular.ttf */,
				FB6937EDDCC848A79969A9B5 /* SourceSansPro-SemiBold.ttf */,
			);
			name = Resources;
			sourceTree = "<group>";
			path = "";
		};
/* End PBXGroup section */

/* Begin PBXNativeTarget section */
		00E356ED1AD99517003FC87E /* WisdomTests */ = {
			isa = PBXNativeTarget;
			buildConfigurationList = 00E357021AD99517003FC87E /* Build configuration list for PBXNativeTarget "WisdomTests" */;
			buildPhases = (
				A130D646172E58E1D159D8F2 /* [CP] Check Pods Manifest.lock */,
				00E356EA1AD99517003FC87E /* Sources */,
				00E356EB1AD99517003FC87E /* Frameworks */,
				00E356EC1AD99517003FC87E /* Resources */,
				077E01280D4B4AD18B2E1770 /* [CP] Embed Pods Frameworks */,
				4E62BDF20514810D028A5FBF /* [CP] Copy Pods Resources */,
			);
			buildRules = (
			);
			dependencies = (
				00E356F51AD99517003FC87E /* PBXTargetDependency */,
			);
			name = WisdomTests;
			productName = WisdomTests;
			productReference = 00E356EE1AD99517003FC87E /* WisdomTests.xctest */;
			productType = "com.apple.product-type.bundle.unit-test";
		};
		13B07F861A680F5B00A75B9A /* Wisdom */ = {
			isa = PBXNativeTarget;
			buildConfigurationList = 13B07F931A680F5B00A75B9A /* Build configuration list for PBXNativeTarget "Wisdom" */;
			buildPhases = (
				3E482C27206C4DEF2FE45063 /* [CP] Check Pods Manifest.lock */,
				FD10A7F022414F080027D42C /* Start Packager */,
				13B07F871A680F5B00A75B9A /* Sources */,
				13B07F8C1A680F5B00A75B9A /* Frameworks */,
				13B07F8E1A680F5B00A75B9A /* Resources */,
				00DD1BFF1BD5951E006B06BC /* Bundle React Native code and images */,
				C8AC78B0264D0F9F6F6D630E /* [CP] Embed Pods Frameworks */,
				ADC9DDC32298B72B3CF5DC8E /* [CP] Copy Pods Resources */,
			);
			buildRules = (
			);
			dependencies = (
			);
			name = Wisdom;
			productName = Wisdom;
			productReference = 13B07F961A680F5B00A75B9A /* Wisdom.app */;
			productType = "com.apple.product-type.application";
		};
/* End PBXNativeTarget section */

/* Begin PBXProject section */
		83CBB9F71A601CBA00E9B192 /* Project object */ = {
			isa = PBXProject;
			attributes = {
				LastUpgradeCheck = 1210;
				TargetAttributes = {
					00E356ED1AD99517003FC87E = {
						CreatedOnToolsVersion = 6.2;
						TestTargetID = 13B07F861A680F5B00A75B9A;
					};
					13B07F861A680F5B00A75B9A = {
						LastSwiftMigration = 1120;
					};
				};
			};
			buildConfigurationList = 83CBB9FA1A601CBA00E9B192 /* Build configuration list for PBXProject "Wisdom" */;
			compatibilityVersion = "Xcode 12.0";
			developmentRegion = en;
			hasScannedForEncodings = 0;
			knownRegions = (
				en,
				Base,
			);
			mainGroup = 83CBB9F61A601CBA00E9B192;
			productRefGroup = 83CBBA001A601CBA00E9B192 /* Products */;
			projectDirPath = "";
			projectRoot = "";
			targets = (
				13B07F861A680F5B00A75B9A /* Wisdom */,
				00E356ED1AD99517003FC87E /* WisdomTests */,
			);
		};
/* End PBXProject section */

/* Begin PBXResourcesBuildPhase section */
		00E356EC1AD99517003FC87E /* Resources */ = {
			isa = PBXResourcesBuildPhase;
			buildActionMask = 2147483647;
			files = (
			);
			runOnlyForDeploymentPostprocessing = 0;
		};
		13B07F8E1A680F5B00A75B9A /* Resources */ = {
			isa = PBXResourcesBuildPhase;
			buildActionMask = 2147483647;
			files = (
				81AB9BB82411601600AC10FF /* LaunchScreen.storyboard in Resources */,
				13B07FBF1A68108700A75B9A /* Images.xcassets in Resources */,
				63D80739748546D79FDF97D3 /* Charter Bold Italic.otf in Resources */,
				129E1C68405B4EEDB28985F8 /* Charter Bold.otf in Resources */,
				6B3123EF0441444396D5C0D9 /* Charter Italic.otf in Resources */,
				28506A416C464A9D93552E97 /* Charter Regular.otf in Resources */,
				8E6AD5D893E04ADDB55218AB /* HelveticaNowDisplay-Bold.otf in Resources */,
				9E6727E98F9A4EA79CDE5DA0 /* HelveticaNowDisplay-Light.otf in Resources */,
				1B7092CCDBBD47228695C14D /* HelveticaNowDisplay-Regular.otf in Resources */,
				4F707A382C7643A2BA1D88D2 /* Ubuntu-Bold.ttf in Resources */,
				87C0F8A9FC1842B0B0A9A8ED /* Ubuntu-BoldItalic.ttf in Resources */,
				C4E5DF655A1641BF9D4D8B12 /* Ubuntu-Italic.ttf in Resources */,
				79BD76C736C64AC5B43D21B3 /* Ubuntu-Light.ttf in Resources */,
				72073F4C6DEA4D118E05CD24 /* Ubuntu-LightItalic.ttf in Resources */,
				F33AC26698F543FC9A5325FA /* Ubuntu-Medium.ttf in Resources */,
				0F1CC142EF9D459B992A3DA2 /* Ubuntu-MediumItalic.ttf in Resources */,
				59D8DCBBF79B4E45A78141FC /* Ubuntu-Regular.ttf in Resources */,
				DF5D4581A0D7478C9F471648 /* AntDesign.ttf in Resources */,
				B76DF6412C2A48108D9117EE /* Entypo.ttf in Resources */,
				409036F6A9BD4DE88DBCD8AC /* EvilIcons.ttf in Resources */,
				9E5ED9B77EFE49CF9BA3622E /* Feather.ttf in Resources */,
				C6EC841F80FB4AE2A6BF8DBA /* FontAwesome.ttf in Resources */,
				06B5EE4CE6E946B6B0D70739 /* FontAwesome5_Brands.ttf in Resources */,
				E30E4E2B29DA464CAF6D8DE5 /* FontAwesome5_Regular.ttf in Resources */,
				B4066F31CBB741FBA28EE996 /* FontAwesome5_Solid.ttf in Resources */,
				1182909077714137B30D1E57 /* Fontisto.ttf in Resources */,
				8E8F48FFFEC74AB98F59FDFF /* Foundation.ttf in Resources */,
				06E721BB8F2B44D4B7DE132F /* Ionicons.ttf in Resources */,
				84DFA6EAB28041DEAC2EA5EF /* MaterialCommunityIcons.ttf in Resources */,
				7D6D57AD9A10495E991B081D /* MaterialIcons.ttf in Resources */,
				E9ACEF5CCBA04444894A5D1D /* Octicons.ttf in Resources */,
				DACBE1B4D43A4917A81FEEA5 /* SimpleLineIcons.ttf in Resources */,
				95BD08442A8C4D11844D8454 /* Zocial.ttf in Resources */,
				901C847FC1274667B715098C /* Ubuntu Bold Italic.ttf in Resources */,
				FB2712A4881D405B9440303A /* Ubuntu Bold.ttf in Resources */,
				02D39FD0971B47C4B87E60B0 /* Ubuntu Italic.ttf in Resources */,
				6CD63F407A4F49A9A9E61F51 /* Ubuntu Light Italic.ttf in Resources */,
				D2DDA4B4FC4D47C58958DFAD /* Ubuntu Light.ttf in Resources */,
				A6B232A725384A0AACAFE584 /* Ubuntu Medium Italic.ttf in Resources */,
				5829AB6637EF4DAAB586DD51 /* Ubuntu Medium.ttf in Resources */,
				3709410D9B124CD1A593C253 /* Ubuntu Regular.ttf in Resources */,
				20DBE57A0F5C4EE59A97D5C7 /* SourceSansPro-Bold.ttf in Resources */,
				8458C5D1A4304E31B30E6301 /* SourceSansPro-Italic.ttf in Resources */,
				7B709310A5AA473391A94B0C /* SourceSansPro-Light.ttf in Resources */,
				6759FBC504104DA8A7DEB85A /* SourceSansPro-Regular.ttf in Resources */,
				DF5D6BB10C0C4ABEA9339824 /* SourceSansPro-SemiBold.ttf in Resources */,
			);
			runOnlyForDeploymentPostprocessing = 0;
		};
/* End PBXResourcesBuildPhase section */

/* Begin PBXShellScriptBuildPhase section */
		00DD1BFF1BD5951E006B06BC /* Bundle React Native code and images */ = {
			isa = PBXShellScriptBuildPhase;
			buildActionMask = 2147483647;
			files = (
			);
			inputPaths = (
			);
			name = "Bundle React Native code and images";
			outputPaths = (
			);
			runOnlyForDeploymentPostprocessing = 0;
			shellPath = /bin/sh;
			shellScript = "set -e\n\nexport NODE_BINARY=node\n../node_modules/react-native/scripts/react-native-xcode.sh\n";
		};
		077E01280D4B4AD18B2E1770 /* [CP] Embed Pods Frameworks */ = {
			isa = PBXShellScriptBuildPhase;
			buildActionMask = 2147483647;
			files = (
			);
			inputFileListPaths = (
				"${PODS_ROOT}/Target Support Files/Pods-Wisdom-WisdomTests/Pods-Wisdom-WisdomTests-frameworks-${CONFIGURATION}-input-files.xcfilelist",
			);
			name = "[CP] Embed Pods Frameworks";
			outputFileListPaths = (
				"${PODS_ROOT}/Target Support Files/Pods-Wisdom-WisdomTests/Pods-Wisdom-WisdomTests-frameworks-${CONFIGURATION}-output-files.xcfilelist",
			);
			runOnlyForDeploymentPostprocessing = 0;
			shellPath = /bin/sh;
			shellScript = "\"${PODS_ROOT}/Target Support Files/Pods-Wisdom-WisdomTests/Pods-Wisdom-WisdomTests-frameworks.sh\"\n";
			showEnvVarsInLog = 0;
		};
		3E482C27206C4DEF2FE45063 /* [CP] Check Pods Manifest.lock */ = {
			isa = PBXShellScriptBuildPhase;
			buildActionMask = 2147483647;
			files = (
			);
			inputFileListPaths = (
			);
			inputPaths = (
				"${PODS_PODFILE_DIR_PATH}/Podfile.lock",
				"${PODS_ROOT}/Manifest.lock",
			);
			name = "[CP] Check Pods Manifest.lock";
			outputFileListPaths = (
			);
			outputPaths = (
				"$(DERIVED_FILE_DIR)/Pods-Wisdom-checkManifestLockResult.txt",
			);
			runOnlyForDeploymentPostprocessing = 0;
			shellPath = /bin/sh;
			shellScript = "diff \"${PODS_PODFILE_DIR_PATH}/Podfile.lock\" \"${PODS_ROOT}/Manifest.lock\" > /dev/null\nif [ $? != 0 ] ; then\n    # print error to STDERR\n    echo \"error: The sandbox is not in sync with the Podfile.lock. Run 'pod install' or update your CocoaPods installation.\" >&2\n    exit 1\nfi\n# This output is used by Xcode 'outputs' to avoid re-running this script phase.\necho \"SUCCESS\" > \"${SCRIPT_OUTPUT_FILE_0}\"\n";
			showEnvVarsInLog = 0;
		};
		4E62BDF20514810D028A5FBF /* [CP] Copy Pods Resources */ = {
			isa = PBXShellScriptBuildPhase;
			buildActionMask = 2147483647;
			files = (
			);
			inputFileListPaths = (
				"${PODS_ROOT}/Target Support Files/Pods-Wisdom-WisdomTests/Pods-Wisdom-WisdomTests-resources-${CONFIGURATION}-input-files.xcfilelist",
			);
			name = "[CP] Copy Pods Resources";
			outputFileListPaths = (
				"${PODS_ROOT}/Target Support Files/Pods-Wisdom-WisdomTests/Pods-Wisdom-WisdomTests-resources-${CONFIGURATION}-output-files.xcfilelist",
			);
			runOnlyForDeploymentPostprocessing = 0;
			shellPath = /bin/sh;
			shellScript = "\"${PODS_ROOT}/Target Support Files/Pods-Wisdom-WisdomTests/Pods-Wisdom-WisdomTests-resources.sh\"\n";
			showEnvVarsInLog = 0;
		};
		A130D646172E58E1D159D8F2 /* [CP] Check Pods Manifest.lock */ = {
			isa = PBXShellScriptBuildPhase;
			buildActionMask = 2147483647;
			files = (
			);
			inputFileListPaths = (
			);
			inputPaths = (
				"${PODS_PODFILE_DIR_PATH}/Podfile.lock",
				"${PODS_ROOT}/Manifest.lock",
			);
			name = "[CP] Check Pods Manifest.lock";
			outputFileListPaths = (
			);
			outputPaths = (
				"$(DERIVED_FILE_DIR)/Pods-Wisdom-WisdomTests-checkManifestLockResult.txt",
			);
			runOnlyForDeploymentPostprocessing = 0;
			shellPath = /bin/sh;
			shellScript = "diff \"${PODS_PODFILE_DIR_PATH}/Podfile.lock\" \"${PODS_ROOT}/Manifest.lock\" > /dev/null\nif [ $? != 0 ] ; then\n    # print error to STDERR\n    echo \"error: The sandbox is not in sync with the Podfile.lock. Run 'pod install' or update your CocoaPods installation.\" >&2\n    exit 1\nfi\n# This output is used by Xcode 'outputs' to avoid re-running this script phase.\necho \"SUCCESS\" > \"${SCRIPT_OUTPUT_FILE_0}\"\n";
			showEnvVarsInLog = 0;
		};
		ADC9DDC32298B72B3CF5DC8E /* [CP] Copy Pods Resources */ = {
			isa = PBXShellScriptBuildPhase;
			buildActionMask = 2147483647;
			files = (
			);
			inputFileListPaths = (
				"${PODS_ROOT}/Target Support Files/Pods-Wisdom/Pods-Wisdom-resources-${CONFIGURATION}-input-files.xcfilelist",
			);
			name = "[CP] Copy Pods Resources";
			outputFileListPaths = (
				"${PODS_ROOT}/Target Support Files/Pods-Wisdom/Pods-Wisdom-resources-${CONFIGURATION}-output-files.xcfilelist",
			);
			runOnlyForDeploymentPostprocessing = 0;
			shellPath = /bin/sh;
			shellScript = "\"${PODS_ROOT}/Target Support Files/Pods-Wisdom/Pods-Wisdom-resources.sh\"\n";
			showEnvVarsInLog = 0;
		};
		C8AC78B0264D0F9F6F6D630E /* [CP] Embed Pods Frameworks */ = {
			isa = PBXShellScriptBuildPhase;
			buildActionMask = 2147483647;
			files = (
			);
			inputFileListPaths = (
				"${PODS_ROOT}/Target Support Files/Pods-Wisdom/Pods-Wisdom-frameworks-${CONFIGURATION}-input-files.xcfilelist",
			);
			name = "[CP] Embed Pods Frameworks";
			outputFileListPaths = (
				"${PODS_ROOT}/Target Support Files/Pods-Wisdom/Pods-Wisdom-frameworks-${CONFIGURATION}-output-files.xcfilelist",
			);
			runOnlyForDeploymentPostprocessing = 0;
			shellPath = /bin/sh;
			shellScript = "\"${PODS_ROOT}/Target Support Files/Pods-Wisdom/Pods-Wisdom-frameworks.sh\"\n";
			showEnvVarsInLog = 0;
		};
		FD10A7F022414F080027D42C /* Start Packager */ = {
			isa = PBXShellScriptBuildPhase;
			buildActionMask = 2147483647;
			files = (
			);
			inputFileListPaths = (
			);
			inputPaths = (
			);
			name = "Start Packager";
			outputFileListPaths = (
			);
			outputPaths = (
			);
			runOnlyForDeploymentPostprocessing = 0;
			shellPath = /bin/sh;
			shellScript = "export RCT_METRO_PORT=\"${RCT_METRO_PORT:=8081}\"\necho \"export RCT_METRO_PORT=${RCT_METRO_PORT}\" > \"${SRCROOT}/../node_modules/react-native/scripts/.packager.env\"\nif [ -z \"${RCT_NO_LAUNCH_PACKAGER+xxx}\" ] ; then\n  if nc -w 5 -z localhost ${RCT_METRO_PORT} ; then\n    if ! curl -s \"http://localhost:${RCT_METRO_PORT}/status\" | grep -q \"packager-status:running\" ; then\n      echo \"Port ${RCT_METRO_PORT} already in use, packager is either not running or not running correctly\"\n      exit 2\n    fi\n  else\n    open \"$SRCROOT/../node_modules/react-native/scripts/launchPackager.command\" || echo \"Can't start packager automatically\"\n  fi\nfi\n";
			showEnvVarsInLog = 0;
		};
/* End PBXShellScriptBuildPhase section */

/* Begin PBXSourcesBuildPhase section */
		00E356EA1AD99517003FC87E /* Sources */ = {
			isa = PBXSourcesBuildPhase;
			buildActionMask = 2147483647;
			files = (
				00E356F31AD99517003FC87E /* WisdomTests.m in Sources */,
			);
			runOnlyForDeploymentPostprocessing = 0;
		};
		13B07F871A680F5B00A75B9A /* Sources */ = {
			isa = PBXSourcesBuildPhase;
			buildActionMask = 2147483647;
			files = (
				13B07FBC1A68108700A75B9A /* AppDelegate.m in Sources */,
				13B07FC11A68108700A75B9A /* main.m in Sources */,
			);
			runOnlyForDeploymentPostprocessing = 0;
		};
/* End PBXSourcesBuildPhase section */

/* Begin PBXTargetDependency section */
		00E356F51AD99517003FC87E /* PBXTargetDependency */ = {
			isa = PBXTargetDependency;
			target = 13B07F861A680F5B00A75B9A /* Wisdom */;
			targetProxy = 00E356F41AD99517003FC87E /* PBXContainerItemProxy */;
		};
/* End PBXTargetDependency section */

/* Begin XCBuildConfiguration section */
		00E356F61AD99517003FC87E /* Debug */ = {
			isa = XCBuildConfiguration;
			baseConfigurationReference = 6C97AB639B58BBB4B15BBE30 /* Pods-Wisdom-WisdomTests.debug.xcconfig */;
			buildSettings = {
				BUNDLE_LOADER = "$(TEST_HOST)";
				GCC_PREPROCESSOR_DEFINITIONS = (
					"DEBUG=1",
					"$(inherited)",
				);
				INFOPLIST_FILE = WisdomTests/Info.plist;
				IPHONEOS_DEPLOYMENT_TARGET = 11.0;
				LD_RUNPATH_SEARCH_PATHS = (
					"$(inherited)",
					"@executable_path/Frameworks",
					"@loader_path/Frameworks",
				);
				OTHER_LDFLAGS = (
					"-ObjC",
					"-lc++",
					"$(inherited)",
				);
				PRODUCT_BUNDLE_IDENTIFIER = "org.reactjs.native.example.$(PRODUCT_NAME:rfc1034identifier)";
				PRODUCT_NAME = "$(TARGET_NAME)";
				TEST_HOST = "$(BUILT_PRODUCTS_DIR)/Wisdom.app/Wisdom";
			};
			name = Debug;
		};
		00E356F71AD99517003FC87E /* Release */ = {
			isa = XCBuildConfiguration;
			baseConfigurationReference = 1D0AE47A65C8663E3B452821 /* Pods-Wisdom-WisdomTests.release.xcconfig */;
			buildSettings = {
				BUNDLE_LOADER = "$(TEST_HOST)";
				COPY_PHASE_STRIP = NO;
				INFOPLIST_FILE = WisdomTests/Info.plist;
				IPHONEOS_DEPLOYMENT_TARGET = 11.0;
				LD_RUNPATH_SEARCH_PATHS = (
					"$(inherited)",
					"@executable_path/Frameworks",
					"@loader_path/Frameworks",
				);
				OTHER_LDFLAGS = (
					"-ObjC",
					"-lc++",
					"$(inherited)",
				);
				PRODUCT_BUNDLE_IDENTIFIER = "org.reactjs.native.example.$(PRODUCT_NAME:rfc1034identifier)";
				PRODUCT_NAME = "$(TARGET_NAME)";
				TEST_HOST = "$(BUILT_PRODUCTS_DIR)/Wisdom.app/Wisdom";
			};
			name = Release;
		};
		13B07F941A680F5B00A75B9A /* Debug */ = {
			isa = XCBuildConfiguration;
			baseConfigurationReference = C0A881CF5CF3F2B244570E2A /* Pods-Wisdom.debug.xcconfig */;
			buildSettings = {
				ASSETCATALOG_COMPILER_APPICON_NAME = AppIcon;
				CLANG_ENABLE_MODULES = YES;
				CURRENT_PROJECT_VERSION = 1;
				ENABLE_BITCODE = NO;
				INFOPLIST_FILE = Wisdom/Info.plist;
				LD_RUNPATH_SEARCH_PATHS = (
					"$(inherited)",
					"@executable_path/Frameworks",
				);
				OTHER_LDFLAGS = (
					"$(inherited)",
					"-ObjC",
					"-lc++",
				);
				PRODUCT_BUNDLE_IDENTIFIER = "org.reactjs.native.example.$(PRODUCT_NAME:rfc1034identifier)";
				PRODUCT_NAME = Wisdom;
				SWIFT_OPTIMIZATION_LEVEL = "-Onone";
				SWIFT_VERSION = 5.0;
				VERSIONING_SYSTEM = "apple-generic";
			};
			name = Debug;
		};
		13B07F951A680F5B00A75B9A /* Release */ = {
			isa = XCBuildConfiguration;
			baseConfigurationReference = D00AAFFCFCFDA5787532823F /* Pods-Wisdom.release.xcconfig */;
			buildSettings = {
				ASSETCATALOG_COMPILER_APPICON_NAME = AppIcon;
				CLANG_ENABLE_MODULES = YES;
				CURRENT_PROJECT_VERSION = 1;
				INFOPLIST_FILE = Wisdom/Info.plist;
				LD_RUNPATH_SEARCH_PATHS = (
					"$(inherited)",
					"@executable_path/Frameworks",
				);
				OTHER_LDFLAGS = (
					"$(inherited)",
					"-ObjC",
					"-lc++",
				);
				PRODUCT_BUNDLE_IDENTIFIER = "org.reactjs.native.example.$(PRODUCT_NAME:rfc1034identifier)";
				PRODUCT_NAME = Wisdom;
				SWIFT_VERSION = 5.0;
				VERSIONING_SYSTEM = "apple-generic";
			};
			name = Release;
		};
		83CBBA201A601CBA00E9B192 /* Debug */ = {
			isa = XCBuildConfiguration;
			buildSettings = {
				ALWAYS_SEARCH_USER_PATHS = NO;
				CLANG_ANALYZER_LOCALIZABILITY_NONLOCALIZED = YES;
				CLANG_CXX_LANGUAGE_STANDARD = "gnu++0x";
				CLANG_CXX_LIBRARY = "libc++";
				CLANG_ENABLE_MODULES = YES;
				CLANG_ENABLE_OBJC_ARC = YES;
				CLANG_WARN_BLOCK_CAPTURE_AUTORELEASING = YES;
				CLANG_WARN_BOOL_CONVERSION = YES;
				CLANG_WARN_COMMA = YES;
				CLANG_WARN_CONSTANT_CONVERSION = YES;
				CLANG_WARN_DEPRECATED_OBJC_IMPLEMENTATIONS = YES;
				CLANG_WARN_DIRECT_OBJC_ISA_USAGE = YES_ERROR;
				CLANG_WARN_EMPTY_BODY = YES;
				CLANG_WARN_ENUM_CONVERSION = YES;
				CLANG_WARN_INFINITE_RECURSION = YES;
				CLANG_WARN_INT_CONVERSION = YES;
				CLANG_WARN_NON_LITERAL_NULL_CONVERSION = YES;
				CLANG_WARN_OBJC_IMPLICIT_RETAIN_SELF = YES;
				CLANG_WARN_OBJC_LITERAL_CONVERSION = YES;
				CLANG_WARN_OBJC_ROOT_CLASS = YES_ERROR;
				CLANG_WARN_QUOTED_INCLUDE_IN_FRAMEWORK_HEADER = YES;
				CLANG_WARN_RANGE_LOOP_ANALYSIS = YES;
				CLANG_WARN_STRICT_PROTOTYPES = YES;
				CLANG_WARN_SUSPICIOUS_MOVE = YES;
				CLANG_WARN_UNREACHABLE_CODE = YES;
				CLANG_WARN__DUPLICATE_METHOD_MATCH = YES;
				"CODE_SIGN_IDENTITY[sdk=iphoneos*]" = "iPhone Developer";
				COPY_PHASE_STRIP = NO;
				ENABLE_STRICT_OBJC_MSGSEND = YES;
				ENABLE_TESTABILITY = YES;
				"EXCLUDED_ARCHS[sdk=iphonesimulator*]" = "";
				GCC_C_LANGUAGE_STANDARD = gnu99;
				GCC_DYNAMIC_NO_PIC = NO;
				GCC_NO_COMMON_BLOCKS = YES;
				GCC_OPTIMIZATION_LEVEL = 0;
				GCC_PREPROCESSOR_DEFINITIONS = (
					"DEBUG=1",
					"$(inherited)",
				);
				GCC_SYMBOLS_PRIVATE_EXTERN = NO;
				GCC_WARN_64_TO_32_BIT_CONVERSION = YES;
				GCC_WARN_ABOUT_RETURN_TYPE = YES_ERROR;
				GCC_WARN_UNDECLARED_SELECTOR = YES;
				GCC_WARN_UNINITIALIZED_AUTOS = YES_AGGRESSIVE;
				GCC_WARN_UNUSED_FUNCTION = YES;
				GCC_WARN_UNUSED_VARIABLE = YES;
				IPHONEOS_DEPLOYMENT_TARGET = 11.0;
				LD_RUNPATH_SEARCH_PATHS = (
					/usr/lib/swift,
					"$(inherited)",
				);
				LIBRARY_SEARCH_PATHS = (
					"\"$(SDKROOT)/usr/lib/swift\"",
					"\"$(TOOLCHAIN_DIR)/usr/lib/swift/$(PLATFORM_NAME)\"",
					"\"$(inherited)\"",
				);
				MTL_ENABLE_DEBUG_INFO = YES;
				ONLY_ACTIVE_ARCH = YES;
				SDKROOT = iphoneos;
			};
			name = Debug;
		};
		83CBBA211A601CBA00E9B192 /* Release */ = {
			isa = XCBuildConfiguration;
			buildSettings = {
				ALWAYS_SEARCH_USER_PATHS = NO;
				CLANG_ANALYZER_LOCALIZABILITY_NONLOCALIZED = YES;
				CLANG_CXX_LANGUAGE_STANDARD = "gnu++0x";
				CLANG_CXX_LIBRARY = "libc++";
				CLANG_ENABLE_MODULES = YES;
				CLANG_ENABLE_OBJC_ARC = YES;
				CLANG_WARN_BLOCK_CAPTURE_AUTORELEASING = YES;
				CLANG_WARN_BOOL_CONVERSION = YES;
				CLANG_WARN_COMMA = YES;
				CLANG_WARN_CONSTANT_CONVERSION = YES;
				CLANG_WARN_DEPRECATED_OBJC_IMPLEMENTATIONS = YES;
				CLANG_WARN_DIRECT_OBJC_ISA_USAGE = YES_ERROR;
				CLANG_WARN_EMPTY_BODY = YES;
				CLANG_WARN_ENUM_CONVERSION = YES;
				CLANG_WARN_INFINITE_RECURSION = YES;
				CLANG_WARN_INT_CONVERSION = YES;
				CLANG_WARN_NON_LITERAL_NULL_CONVERSION = YES;
				CLANG_WARN_OBJC_IMPLICIT_RETAIN_SELF = YES;
				CLANG_WARN_OBJC_LITERAL_CONVERSION = YES;
				CLANG_WARN_OBJC_ROOT_CLASS = YES_ERROR;
				CLANG_WARN_QUOTED_INCLUDE_IN_FRAMEWORK_HEADER = YES;
				CLANG_WARN_RANGE_LOOP_ANALYSIS = YES;
				CLANG_WARN_STRICT_PROTOTYPES = YES;
				CLANG_WARN_SUSPICIOUS_MOVE = YES;
				CLANG_WARN_UNREACHABLE_CODE = YES;
				CLANG_WARN__DUPLICATE_METHOD_MATCH = YES;
				"CODE_SIGN_IDENTITY[sdk=iphoneos*]" = "iPhone Developer";
				COPY_PHASE_STRIP = YES;
				ENABLE_NS_ASSERTIONS = NO;
				ENABLE_STRICT_OBJC_MSGSEND = YES;
				"EXCLUDED_ARCHS[sdk=iphonesimulator*]" = "";
				GCC_C_LANGUAGE_STANDARD = gnu99;
				GCC_NO_COMMON_BLOCKS = YES;
				GCC_WARN_64_TO_32_BIT_CONVERSION = YES;
				GCC_WARN_ABOUT_RETURN_TYPE = YES_ERROR;
				GCC_WARN_UNDECLARED_SELECTOR = YES;
				GCC_WARN_UNINITIALIZED_AUTOS = YES_AGGRESSIVE;
				GCC_WARN_UNUSED_FUNCTION = YES;
				GCC_WARN_UNUSED_VARIABLE = YES;
				IPHONEOS_DEPLOYMENT_TARGET = 11.0;
				LD_RUNPATH_SEARCH_PATHS = (
					/usr/lib/swift,
					"$(inherited)",
				);
				LIBRARY_SEARCH_PATHS = (
					"\"$(SDKROOT)/usr/lib/swift\"",
					"\"$(TOOLCHAIN_DIR)/usr/lib/swift/$(PLATFORM_NAME)\"",
					"\"$(inherited)\"",
				);
				MTL_ENABLE_DEBUG_INFO = NO;
				SDKROOT = iphoneos;
				VALIDATE_PRODUCT = YES;
			};
			name = Release;
		};
/* End XCBuildConfiguration section */

/* Begin XCConfigurationList section */
		00E357021AD99517003FC87E /* Build configuration list for PBXNativeTarget "WisdomTests" */ = {
			isa = XCConfigurationList;
			buildConfigurations = (
				00E356F61AD99517003FC87E /* Debug */,
				00E356F71AD99517003FC87E /* Release */,
			);
			defaultConfigurationIsVisible = 0;
			defaultConfigurationName = Release;
		};
		13B07F931A680F5B00A75B9A /* Build configuration list for PBXNativeTarget "Wisdom" */ = {
			isa = XCConfigurationList;
			buildConfigurations = (
				13B07F941A680F5B00A75B9A /* Debug */,
				13B07F951A680F5B00A75B9A /* Release */,
			);
			defaultConfigurationIsVisible = 0;
			defaultConfigurationName = Release;
		};
		83CBB9FA1A601CBA00E9B192 /* Build configuration list for PBXProject "Wisdom" */ = {
			isa = XCConfigurationList;
			buildConfigurations = (
				83CBBA201A601CBA00E9B192 /* Debug */,
				83CBBA211A601CBA00E9B192 /* Release */,
			);
			defaultConfigurationIsVisible = 0;
			defaultConfigurationName = Release;
		};
/* End XCConfigurationList section */
	};
	rootObject = 83CBB9F71A601CBA00E9B192 /* Project object */;
}
